
Microsoft Visual Studio Solution File, Format Version 12.00
# Visual Studio Version 17
VisualStudioVersion = 17.4.33213.308
MinimumVisualStudioVersion = 10.0.40219.1
Project("{9A19103F-16F7-4668-BE54-9A1E7A4F7556}") = "sampleResizer", "sampleResizer.csproj", "{34C77356-2A75-4639-A7B0-0016B39E3636}"
EndProject
Global
	GlobalSection(SolutionConfigurationPlatforms) = preSolution
		Debug|Any CPU = Debug|Any CPU
		Release|Any CPU = Release|Any CPU
	EndGlobalSection
	GlobalSection(ProjectConfigurationPlatforms) = postSolution
		{34C77356-2A75-4639-A7B0-0016B39E3636}.Debug|Any CPU.ActiveCfg = Debug|Any CPU
		{34C77356-2A75-4639-A7B0-0016B39E3636}.Debug|Any CPU.Build.0 = Debug|Any CPU
		{34C77356-2A75-4639-A7B0-0016B39E3636}.Release|Any CPU.ActiveCfg = Release|Any CPU
		{34C77356-2A75-4639-A7B0-0016B39E3636}.Release|Any CPU.Build.0 = Release|Any CPU
	EndGlobalSection
	GlobalSection(SolutionProperties) = preSolution
		HideSolutionNode = FALSE
	EndGlobalSection
	GlobalSection(ExtensibilityGlobals) = postSolution
		SolutionGuid = {220B8D3C-F1E8-4329-863B-34A06B24EB91}
	EndGlobalSection
EndGlobal
